PODS:
  - IQKeyboardManagerSwift (6.5.6)
  - MXParallaxHeader (1.1.0)

DEPENDENCIES:
  - IQKeyboardManagerSwift
  - MXParallaxHeader

SPEC REPOS:
  trunk:
    - IQKeyboardManagerSwift
    - MXParallaxHeader

SPEC CHECKSUMS:
  IQKeyboardManagerSwift: c7df9d2deb356c04522f5c4b7b6e4ce4d8ed94fe
  MXParallaxHeader: de3c867e10ba46e8f6e20c8ee1f2a910372b3b94

PODFILE CHECKSUM: 614721edc71471704e95e806af37869836dee4cb

COCOAPODS: 1.11.2
