// !$*UTF8*$!
{
	archiveVersion = 1;
	classes = {
	};
	objectVersion = 51;
	objects = {

/* Begin PBXBuildFile section */
		678F176BB1DCBC6E2E4209EF /* Pods_Marcy.framework in Frameworks */ = {isa = PBXBuildFile; fileRef = 87A2F8FA1F5B2B0CCE145D87 /* Pods_Marcy.framework */; };
		9E047F8326CEF04800B757EF /* MessageChatViewController.swift in Sources */ = {isa = PBXBuildFile; fileRef = 9E047F8226CEF04800B757EF /* MessageChatViewController.swift */; };
		9E047F8526CEF3A100B757EF /* MessageClientTableViewCell.swift in Sources */ = {isa = PBXBuildFile; fileRef = 9E047F8426CEF3A100B757EF /* MessageClientTableViewCell.swift */; };
		9E047F8726CEF3C900B757EF /* MessageUserTableViewCell.swift in Sources */ = {isa = PBXBuildFile; fileRef = 9E047F8626CEF3C900B757EF /* MessageUserTableViewCell.swift */; };
		9E047F8926CEF3DA00B757EF /* MessageAudioTableViewCell.swift in Sources */ = {isa = PBXBuildFile; fileRef = 9E047F8826CEF3DA00B757EF /* MessageAudioTableViewCell.swift */; };
		9E047F8B26CEF3EB00B757EF /* MessageJustNowTableViewCell.swift in Sources */ = {isa = PBXBuildFile; fileRef = 9E047F8A26CEF3EB00B757EF /* MessageJustNowTableViewCell.swift */; };
		9E1962E526E95C3F00C30A3C /* HeaderTableViewCell.swift in Sources */ = {isa = PBXBuildFile; fileRef = 9E1962E426E95C3F00C30A3C /* HeaderTableViewCell.swift */; };
		9E2452DB26CD0BFB00D8AD4B /* MessagesViewController.swift in Sources */ = {isa = PBXBuildFile; fileRef = 9E2452DA26CD0BFB00D8AD4B /* MessagesViewController.swift */; };
		9E2452DE26CD0D4600D8AD4B /* FrequentUserTableViewCell.swift in Sources */ = {isa = PBXBuildFile; fileRef = 9E2452DD26CD0D4600D8AD4B /* FrequentUserTableViewCell.swift */; };
		9E2452E026CD0DA700D8AD4B /* ChatuserTableViewCell.swift in Sources */ = {isa = PBXBuildFile; fileRef = 9E2452DF26CD0DA700D8AD4B /* ChatuserTableViewCell.swift */; };
		9E2452E226CD0DE400D8AD4B /* FrequentUserCollectionViewCell.swift in Sources */ = {isa = PBXBuildFile; fileRef = 9E2452E126CD0DE400D8AD4B /* FrequentUserCollectionViewCell.swift */; };
		9E3CC44C26D199CD005CDBCD /* SearchViewController.swift in Sources */ = {isa = PBXBuildFile; fileRef = 9E3CC44B26D199CD005CDBCD /* SearchViewController.swift */; };
		9E3CC44F26D199E8005CDBCD /* SearchTableViewCell.swift in Sources */ = {isa = PBXBuildFile; fileRef = 9E3CC44E26D199E8005CDBCD /* SearchTableViewCell.swift */; };
		9E3CC45226D19F3C005CDBCD /* DiscoverViewController.swift in Sources */ = {isa = PBXBuildFile; fileRef = 9E3CC45126D19F3C005CDBCD /* DiscoverViewController.swift */; };
		9E49A6F126D57E9100573D2B /* AccountPageViewController.swift in Sources */ = {isa = PBXBuildFile; fileRef = 9E49A6F026D57E9100573D2B /* AccountPageViewController.swift */; };
		9E49A6F326D57FB500573D2B /* InformationViewController.swift in Sources */ = {isa = PBXBuildFile; fileRef = 9E49A6F226D57FB500573D2B /* InformationViewController.swift */; };
		9E49A6F526D57FC200573D2B /* PostsViewController.swift in Sources */ = {isa = PBXBuildFile; fileRef = 9E49A6F426D57FC200573D2B /* PostsViewController.swift */; };
		9E5C33DD26C80D7B00CCFF85 /* AppDelegate.swift in Sources */ = {isa = PBXBuildFile; fileRef = 9E5C33DC26C80D7B00CCFF85 /* AppDelegate.swift */; };
		9E5C33DF26C80D7B00CCFF85 /* SceneDelegate.swift in Sources */ = {isa = PBXBuildFile; fileRef = 9E5C33DE26C80D7B00CCFF85 /* SceneDelegate.swift */; };
		9E5C33E426C80D7B00CCFF85 /* Main.storyboard in Resources */ = {isa = PBXBuildFile; fileRef = 9E5C33E226C80D7B00CCFF85 /* Main.storyboard */; };
		9E5C33E626C80D8200CCFF85 /* Assets.xcassets in Resources */ = {isa = PBXBuildFile; fileRef = 9E5C33E526C80D8200CCFF85 /* Assets.xcassets */; };
		9E5C33E926C80D8300CCFF85 /* LaunchScreen.storyboard in Resources */ = {isa = PBXBuildFile; fileRef = 9E5C33E726C80D8300CCFF85 /* LaunchScreen.storyboard */; };
		9E5C33F426C80D8300CCFF85 /* MarcyTests.swift in Sources */ = {isa = PBXBuildFile; fileRef = 9E5C33F326C80D8300CCFF85 /* MarcyTests.swift */; };
		9E5C33FF26C80D8300CCFF85 /* MarcyUITests.swift in Sources */ = {isa = PBXBuildFile; fileRef = 9E5C33FE26C80D8300CCFF85 /* MarcyUITests.swift */; };
		9E5C340E26C817D700CCFF85 /* FirstViewController.swift in Sources */ = {isa = PBXBuildFile; fileRef = 9E5C340D26C817D700CCFF85 /* FirstViewController.swift */; };
		9E5C341126C818B800CCFF85 /* View+Extensions.swift in Sources */ = {isa = PBXBuildFile; fileRef = 9E5C341026C818B800CCFF85 /* View+Extensions.swift */; };
		9E5C341426C83B1000CCFF85 /* SignupViewController.swift in Sources */ = {isa = PBXBuildFile; fileRef = 9E5C341326C83B1000CCFF85 /* SignupViewController.swift */; };
		9E5C341626C846F000CCFF85 /* DeviceModel.swift in Sources */ = {isa = PBXBuildFile; fileRef = 9E5C341526C846F000CCFF85 /* DeviceModel.swift */; };
		9E5C341826C84A1D00CCFF85 /* SignUpNextViewController.swift in Sources */ = {isa = PBXBuildFile; fileRef = 9E5C341726C84A1D00CCFF85 /* SignUpNextViewController.swift */; };
		9E5C341A26C851A200CCFF85 /* SignInViewController.swift in Sources */ = {isa = PBXBuildFile; fileRef = 9E5C341926C851A200CCFF85 /* SignInViewController.swift */; };
		9E5C341C26C857B100CCFF85 /* VerificationViewController.swift in Sources */ = {isa = PBXBuildFile; fileRef = 9E5C341B26C857B100CCFF85 /* VerificationViewController.swift */; };
		9E63A52326EAA4B4006211DC /* FooterCollectionReusableView.swift in Sources */ = {isa = PBXBuildFile; fileRef = 9E63A52226EAA4B4006211DC /* FooterCollectionReusableView.swift */; };
		9E6C75AA26FCDEE500202923 /* CountryFollowTableViewCell.swift in Sources */ = {isa = PBXBuildFile; fileRef = 9E6C75A926FCDEE500202923 /* CountryFollowTableViewCell.swift */; };
		9E6C75AC26FCDF8100202923 /* PhotoCountryCollectionViewCell.swift in Sources */ = {isa = PBXBuildFile; fileRef = 9E6C75AB26FCDF8100202923 /* PhotoCountryCollectionViewCell.swift */; };
		9E6C75AE26FCE9EB00202923 /* CountryHeaderTableViewCell.swift in Sources */ = {isa = PBXBuildFile; fileRef = 9E6C75AD26FCE9EB00202923 /* CountryHeaderTableViewCell.swift */; };
		9E6C75B026FD08DA00202923 /* PhotosOthersTableViewCell.swift in Sources */ = {isa = PBXBuildFile; fileRef = 9E6C75AF26FD08DA00202923 /* PhotosOthersTableViewCell.swift */; };
		9E6C75B226FD12CE00202923 /* ProfCountryTableViewCell.swift in Sources */ = {isa = PBXBuildFile; fileRef = 9E6C75B126FD12CE00202923 /* ProfCountryTableViewCell.swift */; };
		9E6C75B426FD12DD00202923 /* ProfLangTableViewCell.swift in Sources */ = {isa = PBXBuildFile; fileRef = 9E6C75B326FD12DD00202923 /* ProfLangTableViewCell.swift */; };
		9E6C75B626FD12EB00202923 /* ProfPvtTableViewCell.swift in Sources */ = {isa = PBXBuildFile; fileRef = 9E6C75B526FD12EB00202923 /* ProfPvtTableViewCell.swift */; };
		9E6C75B826FD12F900202923 /* ProfOtherAccountsTableViewCell.swift in Sources */ = {isa = PBXBuildFile; fileRef = 9E6C75B726FD12F900202923 /* ProfOtherAccountsTableViewCell.swift */; };
		9E6C75BA26FD131700202923 /* ProfAddmoreTableViewCell.swift in Sources */ = {isa = PBXBuildFile; fileRef = 9E6C75B926FD131700202923 /* ProfAddmoreTableViewCell.swift */; };
		9E6C75BC26FD172D00202923 /* OtherAccountViewController.swift in Sources */ = {isa = PBXBuildFile; fileRef = 9E6C75BB26FD172D00202923 /* OtherAccountViewController.swift */; };
		9E6C75BE26FD194B00202923 /* NoPartTableViewCell.swift in Sources */ = {isa = PBXBuildFile; fileRef = 9E6C75BD26FD194B00202923 /* NoPartTableViewCell.swift */; };
		9E6C75C126FD1ED500202923 /* PrivateUserProfileViewController.swift in Sources */ = {isa = PBXBuildFile; fileRef = 9E6C75C026FD1ED500202923 /* PrivateUserProfileViewController.swift */; };
		9E8524FF2703AF2100553148 /* TabItemTableViewCell.swift in Sources */ = {isa = PBXBuildFile; fileRef = 9E8524FD2703AF2100553148 /* TabItemTableViewCell.swift */; };
		9E8525002703AF2100553148 /* TabItemTableViewCell.xib in Resources */ = {isa = PBXBuildFile; fileRef = 9E8524FE2703AF2100553148 /* TabItemTableViewCell.xib */; };
		9EB2E7CB26FDD4F000769DF4 /* PhotosProfViewController.swift in Sources */ = {isa = PBXBuildFile; fileRef = 9EB2E7CA26FDD4F000769DF4 /* PhotosProfViewController.swift */; };
		9EB2E7CD26FDD50100769DF4 /* VideosProfViewController.swift in Sources */ = {isa = PBXBuildFile; fileRef = 9EB2E7CC26FDD50100769DF4 /* VideosProfViewController.swift */; };
		9EB2E7CF26FDD9A400769DF4 /* VideosProfTableViewCell.swift in Sources */ = {isa = PBXBuildFile; fileRef = 9EB2E7CE26FDD9A400769DF4 /* VideosProfTableViewCell.swift */; };
		9EB2E7D126FDD9C000769DF4 /* VideosScrollCollectionViewCell.swift in Sources */ = {isa = PBXBuildFile; fileRef = 9EB2E7D026FDD9C000769DF4 /* VideosScrollCollectionViewCell.swift */; };
		9EB5F54626DD45E300DE06B6 /* StoriesLivesViewController.swift in Sources */ = {isa = PBXBuildFile; fileRef = 9EB5F54526DD45E300DE06B6 /* StoriesLivesViewController.swift */; };
		9EB5F54826DD45FB00DE06B6 /* StoriesLivesCollectionViewCell.swift in Sources */ = {isa = PBXBuildFile; fileRef = 9EB5F54726DD45FB00DE06B6 /* StoriesLivesCollectionViewCell.swift */; };
		9EB5F54A26DD574E00DE06B6 /* StoriesViewViewController.swift in Sources */ = {isa = PBXBuildFile; fileRef = 9EB5F54926DD574E00DE06B6 /* StoriesViewViewController.swift */; };
		9EB5F54C26DD59B200DE06B6 /* StoriesViewCollectionViewCell.swift in Sources */ = {isa = PBXBuildFile; fileRef = 9EB5F54B26DD59B200DE06B6 /* StoriesViewCollectionViewCell.swift */; };
		9EB5F54E26DD5F9E00DE06B6 /* StoriesReactsViewController.swift in Sources */ = {isa = PBXBuildFile; fileRef = 9EB5F54D26DD5F9E00DE06B6 /* StoriesReactsViewController.swift */; };
		9EB5F55026DD640000DE06B6 /* UserProfileViewController.swift in Sources */ = {isa = PBXBuildFile; fileRef = 9EB5F54F26DD640000DE06B6 /* UserProfileViewController.swift */; };
		9EB5F55226DD660100DE06B6 /* UserProfileInformationViewController.swift in Sources */ = {isa = PBXBuildFile; fileRef = 9EB5F55126DD660100DE06B6 /* UserProfileInformationViewController.swift */; };
		9EB5F55426DD662800DE06B6 /* UserProfilePostViewController.swift in Sources */ = {isa = PBXBuildFile; fileRef = 9EB5F55326DD662800DE06B6 /* UserProfilePostViewController.swift */; };
		9EB792E126DD3971001D5638 /* CountryGrpTableViewCell.swift in Sources */ = {isa = PBXBuildFile; fileRef = 9EB792E026DD3971001D5638 /* CountryGrpTableViewCell.swift */; };
		9EB792E326DD398E001D5638 /* CountryGrpViewController.swift in Sources */ = {isa = PBXBuildFile; fileRef = 9EB792E226DD398E001D5638 /* CountryGrpViewController.swift */; };
		9EB792E526DD405A001D5638 /* CreatePostViewController.swift in Sources */ = {isa = PBXBuildFile; fileRef = 9EB792E426DD405A001D5638 /* CreatePostViewController.swift */; };
		9ECD0C0626DB7ABB00CAD0E2 /* InterestsViewController.swift in Sources */ = {isa = PBXBuildFile; fileRef = 9ECD0C0526DB7ABB00CAD0E2 /* InterestsViewController.swift */; };
		9ECD0C0826DB7EF200CAD0E2 /* AccountsInterestsTableViewCell.swift in Sources */ = {isa = PBXBuildFile; fileRef = 9ECD0C0726DB7EF200CAD0E2 /* AccountsInterestsTableViewCell.swift */; };
		9ECD0C0A26DBA1F300CAD0E2 /* NotificationViewController.swift in Sources */ = {isa = PBXBuildFile; fileRef = 9ECD0C0926DBA1F300CAD0E2 /* NotificationViewController.swift */; };
		9ECD0C0D26DBA46F00CAD0E2 /* Notification_1TableViewCell.swift in Sources */ = {isa = PBXBuildFile; fileRef = 9ECD0C0C26DBA46F00CAD0E2 /* Notification_1TableViewCell.swift */; };
		9ECD0C0F26DBA4DF00CAD0E2 /* Notification_2TableViewCell.swift in Sources */ = {isa = PBXBuildFile; fileRef = 9ECD0C0E26DBA4DF00CAD0E2 /* Notification_2TableViewCell.swift */; };
		9ECD0C1126DBA97100CAD0E2 /* Notification_3TableViewCell.swift in Sources */ = {isa = PBXBuildFile; fileRef = 9ECD0C1026DBA97100CAD0E2 /* Notification_3TableViewCell.swift */; };
		9ECD0C1326DBA9F900CAD0E2 /* FriendRequestCollectionViewCell.swift in Sources */ = {isa = PBXBuildFile; fileRef = 9ECD0C1226DBA9F900CAD0E2 /* FriendRequestCollectionViewCell.swift */; };
		9ECD0C1526DC00E400CAD0E2 /* AllGroupsViewController.swift in Sources */ = {isa = PBXBuildFile; fileRef = 9ECD0C1426DC00E400CAD0E2 /* AllGroupsViewController.swift */; };
		9ECD0C1726DC03B600CAD0E2 /* AllGroupCollectionViewCell.swift in Sources */ = {isa = PBXBuildFile; fileRef = 9ECD0C1626DC03B600CAD0E2 /* AllGroupCollectionViewCell.swift */; };
		9ECD0C1926DC114300CAD0E2 /* AllCommunitiesViewController.swift in Sources */ = {isa = PBXBuildFile; fileRef = 9ECD0C1826DC114300CAD0E2 /* AllCommunitiesViewController.swift */; };
		9ECD0C1B26DC162D00CAD0E2 /* MultipleImagesViewController.swift in Sources */ = {isa = PBXBuildFile; fileRef = 9ECD0C1A26DC162D00CAD0E2 /* MultipleImagesViewController.swift */; };
		9ECD0C1E26DC291300CAD0E2 /* WhatsOnTableViewCell.swift in Sources */ = {isa = PBXBuildFile; fileRef = 9ECD0C1D26DC291300CAD0E2 /* WhatsOnTableViewCell.swift */; };
		9ECD0C2026DC292100CAD0E2 /* StoriesTableViewCell.swift in Sources */ = {isa = PBXBuildFile; fileRef = 9ECD0C1F26DC292100CAD0E2 /* StoriesTableViewCell.swift */; };
		9ECD0C2226DC293000CAD0E2 /* PopularGroupsTableViewCell.swift in Sources */ = {isa = PBXBuildFile; fileRef = 9ECD0C2126DC293000CAD0E2 /* PopularGroupsTableViewCell.swift */; };
		9ECD0C2526DC295200CAD0E2 /* StoriesCollectionViewCell.swift in Sources */ = {isa = PBXBuildFile; fileRef = 9ECD0C2426DC295200CAD0E2 /* StoriesCollectionViewCell.swift */; };
		9ECD0C2926DC2A8A00CAD0E2 /* PopGroupsCollectionViewCell.swift in Sources */ = {isa = PBXBuildFile; fileRef = 9ECD0C2826DC2A8A00CAD0E2 /* PopGroupsCollectionViewCell.swift */; };
		9ECD0C2B26DC2F7800CAD0E2 /* Feed_1TableViewCell.swift in Sources */ = {isa = PBXBuildFile; fileRef = 9ECD0C2A26DC2F7800CAD0E2 /* Feed_1TableViewCell.swift */; };
		9ECD0C2D26DC342300CAD0E2 /* CompaTableViewCell.swift in Sources */ = {isa = PBXBuildFile; fileRef = 9ECD0C2C26DC342300CAD0E2 /* CompaTableViewCell.swift */; };
		9ED1067C26DAB99F00F90278 /* InformationDescTableViewCell.swift in Sources */ = {isa = PBXBuildFile; fileRef = 9ED1067B26DAB99F00F90278 /* InformationDescTableViewCell.swift */; };
		9ED1067E26DAB9C200F90278 /* InterestsTableViewCell.swift in Sources */ = {isa = PBXBuildFile; fileRef = 9ED1067D26DAB9C200F90278 /* InterestsTableViewCell.swift */; };
		9ED1068026DABA1600F90278 /* AccountsInterestsViewController.swift in Sources */ = {isa = PBXBuildFile; fileRef = 9ED1067F26DABA1600F90278 /* AccountsInterestsViewController.swift */; };
		9ED1068226DAC31300F90278 /* AccountGroupsTableViewCell.swift in Sources */ = {isa = PBXBuildFile; fileRef = 9ED1068126DAC31300F90278 /* AccountGroupsTableViewCell.swift */; };
		9ED1068426DAC4E600F90278 /* GroupsCollectionViewCell.swift in Sources */ = {isa = PBXBuildFile; fileRef = 9ED1068326DAC4E600F90278 /* GroupsCollectionViewCell.swift */; };
		9ED1068626DACE7900F90278 /* PoatsTableViewCell.swift in Sources */ = {isa = PBXBuildFile; fileRef = 9ED1068526DACE7900F90278 /* PoatsTableViewCell.swift */; };
		9ED8AD7C26D42C7400789C71 /* SettingsViewController.swift in Sources */ = {isa = PBXBuildFile; fileRef = 9ED8AD7B26D42C7400789C71 /* SettingsViewController.swift */; };
		9ED8AD7F26D42CB000789C71 /* ProfileNameTableViewCell.swift in Sources */ = {isa = PBXBuildFile; fileRef = 9ED8AD7E26D42CB000789C71 /* ProfileNameTableViewCell.swift */; };
		9ED8AD8126D42CC100789C71 /* ProfileMailTableViewCell.swift in Sources */ = {isa = PBXBuildFile; fileRef = 9ED8AD8026D42CC100789C71 /* ProfileMailTableViewCell.swift */; };
		9ED8AD8326D42CD300789C71 /* ProfileLogoutTableViewCell.swift in Sources */ = {isa = PBXBuildFile; fileRef = 9ED8AD8226D42CD300789C71 /* ProfileLogoutTableViewCell.swift */; };
		9ED8AD8526D432AA00789C71 /* AccountsViewController.swift in Sources */ = {isa = PBXBuildFile; fileRef = 9ED8AD8426D432AA00789C71 /* AccountsViewController.swift */; };
		9EEC95F026CAED7C0082C8E0 /* MainViewController.swift in Sources */ = {isa = PBXBuildFile; fileRef = 9EEC95EF26CAED7C0082C8E0 /* MainViewController.swift */; };
/* End PBXBuildFile section */

/* Begin PBXContainerItemProxy section */
		9E5C33F026C80D8300CCFF85 /* PBXContainerItemProxy */ = {
			isa = PBXContainerItemProxy;
			containerPortal = 9E5C33D126C80D7A00CCFF85 /* Project object */;
			proxyType = 1;
			remoteGlobalIDString = 9E5C33D826C80D7B00CCFF85;
			remoteInfo = Marcy;
		};
		9E5C33FB26C80D8300CCFF85 /* PBXContainerItemProxy */ = {
			isa = PBXContainerItemProxy;
			containerPortal = 9E5C33D126C80D7A00CCFF85 /* Project object */;
			proxyType = 1;
			remoteGlobalIDString = 9E5C33D826C80D7B00CCFF85;
			remoteInfo = Marcy;
		};
/* End PBXContainerItemProxy section */

/* Begin PBXFileReference section */
		107A653EABCDA83FCDC9F369 /* Pods-Marcy.debug.xcconfig */ = {isa = PBXFileReference; includeInIndex = 1; lastKnownFileType = text.xcconfig; name = "Pods-Marcy.debug.xcconfig"; path = "Target Support Files/Pods-Marcy/Pods-Marcy.debug.xcconfig"; sourceTree = "<group>"; };
		87A2F8FA1F5B2B0CCE145D87 /* Pods_Marcy.framework */ = {isa = PBXFileReference; explicitFileType = wrapper.framework; includeInIndex = 0; path = Pods_Marcy.framework; sourceTree = BUILT_PRODUCTS_DIR; };
		9E047F8226CEF04800B757EF /* MessageChatViewController.swift */ = {isa = PBXFileReference; lastKnownFileType = sourcecode.swift; path = MessageChatViewController.swift; sourceTree = "<group>"; };
		9E047F8426CEF3A100B757EF /* MessageClientTableViewCell.swift */ = {isa = PBXFileReference; lastKnownFileType = sourcecode.swift; path = MessageClientTableViewCell.swift; sourceTree = "<group>"; };
		9E047F8626CEF3C900B757EF /* MessageUserTableViewCell.swift */ = {isa = PBXFileReference; lastKnownFileType = sourcecode.swift; path = MessageUserTableViewCell.swift; sourceTree = "<group>"; };
		9E047F8826CEF3DA00B757EF /* MessageAudioTableViewCell.swift */ = {isa = PBXFileReference; lastKnownFileType = sourcecode.swift; path = MessageAudioTableViewCell.swift; sourceTree = "<group>"; };
		9E047F8A26CEF3EB00B757EF /* MessageJustNowTableViewCell.swift */ = {isa = PBXFileReference; lastKnownFileType = sourcecode.swift; path = MessageJustNowTableViewCell.swift; sourceTree = "<group>"; };
		9E1962E426E95C3F00C30A3C /* HeaderTableViewCell.swift */ = {isa = PBXFileReference; lastKnownFileType = sourcecode.swift; path = HeaderTableViewCell.swift; sourceTree = "<group>"; };
		9E2452DA26CD0BFB00D8AD4B /* MessagesViewController.swift */ = {isa = PBXFileReference; lastKnownFileType = sourcecode.swift; path = MessagesViewController.swift; sourceTree = "<group>"; };
		9E2452DD26CD0D4600D8AD4B /* FrequentUserTableViewCell.swift */ = {isa = PBXFileReference; lastKnownFileType = sourcecode.swift; path = FrequentUserTableViewCell.swift; sourceTree = "<group>"; };
		9E2452DF26CD0DA700D8AD4B /* ChatuserTableViewCell.swift */ = {isa = PBXFileReference; lastKnownFileType = sourcecode.swift; path = ChatuserTableViewCell.swift; sourceTree = "<group>"; };
		9E2452E126CD0DE400D8AD4B /* FrequentUserCollectionViewCell.swift */ = {isa = PBXFileReference; lastKnownFileType = sourcecode.swift; path = FrequentUserCollectionViewCell.swift; sourceTree = "<group>"; };
		9E3CC44B26D199CD005CDBCD /* SearchViewController.swift */ = {isa = PBXFileReference; lastKnownFileType = sourcecode.swift; path = SearchViewController.swift; sourceTree = "<group>"; };
		9E3CC44E26D199E8005CDBCD /* SearchTableViewCell.swift */ = {isa = PBXFileReference; lastKnownFileType = sourcecode.swift; path = SearchTableViewCell.swift; sourceTree = "<group>"; };
		9E3CC45126D19F3C005CDBCD /* DiscoverViewController.swift */ = {isa = PBXFileReference; lastKnownFileType = sourcecode.swift; path = DiscoverViewController.swift; sourceTree = "<group>"; };
		9E49A6F026D57E9100573D2B /* AccountPageViewController.swift */ = {isa = PBXFileReference; lastKnownFileType = sourcecode.swift; path = AccountPageViewController.swift; sourceTree = "<group>"; };
		9E49A6F226D57FB500573D2B /* InformationViewController.swift */ = {isa = PBXFileReference; lastKnownFileType = sourcecode.swift; path = InformationViewController.swift; sourceTree = "<group>"; };
		9E49A6F426D57FC200573D2B /* PostsViewController.swift */ = {isa = PBXFileReference; lastKnownFileType = sourcecode.swift; path = PostsViewController.swift; sourceTree = "<group>"; };
		9E5C33D926C80D7B00CCFF85 /* Marcy.app */ = {isa = PBXFileReference; explicitFileType = wrapper.application; includeInIndex = 0; path = Marcy.app; sourceTree = BUILT_PRODUCTS_DIR; };
		9E5C33DC26C80D7B00CCFF85 /* AppDelegate.swift */ = {isa = PBXFileReference; lastKnownFileType = sourcecode.swift; path = AppDelegate.swift; sourceTree = "<group>"; };
		9E5C33DE26C80D7B00CCFF85 /* SceneDelegate.swift */ = {isa = PBXFileReference; lastKnownFileType = sourcecode.swift; path = SceneDelegate.swift; sourceTree = "<group>"; };
		9E5C33E326C80D7B00CCFF85 /* Base */ = {isa = PBXFileReference; lastKnownFileType = file.storyboard; name = Base; path = Base.lproj/Main.storyboard; sourceTree = "<group>"; };
		9E5C33E526C80D8200CCFF85 /* Assets.xcassets */ = {isa = PBXFileReference; lastKnownFileType = folder.assetcatalog; path = Assets.xcassets; sourceTree = "<group>"; };
		9E5C33E826C80D8300CCFF85 /* Base */ = {isa = PBXFileReference; lastKnownFileType = file.storyboard; name = Base; path = Base.lproj/LaunchScreen.storyboard; sourceTree = "<group>"; };
		9E5C33EA26C80D8300CCFF85 /* Info.plist */ = {isa = PBXFileReference; lastKnownFileType = text.plist.xml; path = Info.plist; sourceTree = "<group>"; };
		9E5C33EF26C80D8300CCFF85 /* MarcyTests.xctest */ = {isa = PBXFileReference; explicitFileType = wrapper.cfbundle; includeInIndex = 0; path = MarcyTests.xctest; sourceTree = BUILT_PRODUCTS_DIR; };
		9E5C33F326C80D8300CCFF85 /* MarcyTests.swift */ = {isa = PBXFileReference; lastKnownFileType = sourcecode.swift; path = MarcyTests.swift; sourceTree = "<group>"; };
		9E5C33F526C80D8300CCFF85 /* Info.plist */ = {isa = PBXFileReference; lastKnownFileType = text.plist.xml; path = Info.plist; sourceTree = "<group>"; };
		9E5C33FA26C80D8300CCFF85 /* MarcyUITests.xctest */ = {isa = PBXFileReference; explicitFileType = wrapper.cfbundle; includeInIndex = 0; path = MarcyUITests.xctest; sourceTree = BUILT_PRODUCTS_DIR; };
		9E5C33FE26C80D8300CCFF85 /* MarcyUITests.swift */ = {isa = PBXFileReference; lastKnownFileType = sourcecode.swift; path = MarcyUITests.swift; sourceTree = "<group>"; };
		9E5C340026C80D8300CCFF85 /* Info.plist */ = {isa = PBXFileReference; lastKnownFileType = text.plist.xml; path = Info.plist; sourceTree = "<group>"; };
		9E5C340D26C817D700CCFF85 /* FirstViewController.swift */ = {isa = PBXFileReference; lastKnownFileType = sourcecode.swift; path = FirstViewController.swift; sourceTree = "<group>"; };
		9E5C341026C818B800CCFF85 /* View+Extensions.swift */ = {isa = PBXFileReference; lastKnownFileType = sourcecode.swift; path = "View+Extensions.swift"; sourceTree = "<group>"; };
		9E5C341326C83B1000CCFF85 /* SignupViewController.swift */ = {isa = PBXFileReference; lastKnownFileType = sourcecode.swift; path = SignupViewController.swift; sourceTree = "<group>"; };
		9E5C341526C846F000CCFF85 /* DeviceModel.swift */ = {isa = PBXFileReference; lastKnownFileType = sourcecode.swift; path = DeviceModel.swift; sourceTree = "<group>"; };
		9E5C341726C84A1D00CCFF85 /* SignUpNextViewController.swift */ = {isa = PBXFileReference; lastKnownFileType = sourcecode.swift; path = SignUpNextViewController.swift; sourceTree = "<group>"; };
		9E5C341926C851A200CCFF85 /* SignInViewController.swift */ = {isa = PBXFileReference; lastKnownFileType = sourcecode.swift; path = SignInViewController.swift; sourceTree = "<group>"; };
		9E5C341B26C857B100CCFF85 /* VerificationViewController.swift */ = {isa = PBXFileReference; lastKnownFileType = sourcecode.swift; path = VerificationViewController.swift; sourceTree = "<group>"; };
		9E63A52226EAA4B4006211DC /* FooterCollectionReusableView.swift */ = {isa = PBXFileReference; lastKnownFileType = sourcecode.swift; path = FooterCollectionReusableView.swift; sourceTree = "<group>"; };
		9E6C75A926FCDEE500202923 /* CountryFollowTableViewCell.swift */ = {isa = PBXFileReference; lastKnownFileType = sourcecode.swift; path = CountryFollowTableViewCell.swift; sourceTree = "<group>"; };
		9E6C75AB26FCDF8100202923 /* PhotoCountryCollectionViewCell.swift */ = {isa = PBXFileReference; lastKnownFileType = sourcecode.swift; path = PhotoCountryCollectionViewCell.swift; sourceTree = "<group>"; };
		9E6C75AD26FCE9EB00202923 /* CountryHeaderTableViewCell.swift */ = {isa = PBXFileReference; lastKnownFileType = sourcecode.swift; path = CountryHeaderTableViewCell.swift; sourceTree = "<group>"; };
		9E6C75AF26FD08DA00202923 /* PhotosOthersTableViewCell.swift */ = {isa = PBXFileReference; lastKnownFileType = sourcecode.swift; path = PhotosOthersTableViewCell.swift; sourceTree = "<group>"; };
		9E6C75B126FD12CE00202923 /* ProfCountryTableViewCell.swift */ = {isa = PBXFileReference; lastKnownFileType = sourcecode.swift; path = ProfCountryTableViewCell.swift; sourceTree = "<group>"; };
		9E6C75B326FD12DD00202923 /* ProfLangTableViewCell.swift */ = {isa = PBXFileReference; lastKnownFileType = sourcecode.swift; path = ProfLangTableViewCell.swift; sourceTree = "<group>"; };
		9E6C75B526FD12EB00202923 /* ProfPvtTableViewCell.swift */ = {isa = PBXFileReference; lastKnownFileType = sourcecode.swift; path = ProfPvtTableViewCell.swift; sourceTree = "<group>"; };
		9E6C75B726FD12F900202923 /* ProfOtherAccountsTableViewCell.swift */ = {isa = PBXFileReference; lastKnownFileType = sourcecode.swift; path = ProfOtherAccountsTableViewCell.swift; sourceTree = "<group>"; };
		9E6C75B926FD131700202923 /* ProfAddmoreTableViewCell.swift */ = {isa = PBXFileReference; lastKnownFileType = sourcecode.swift; path = ProfAddmoreTableViewCell.swift; sourceTree = "<group>"; };
		9E6C75BB26FD172D00202923 /* OtherAccountViewController.swift */ = {isa = PBXFileReference; lastKnownFileType = sourcecode.swift; path = OtherAccountViewController.swift; sourceTree = "<group>"; };
		9E6C75BD26FD194B00202923 /* NoPartTableViewCell.swift */ = {isa = PBXFileReference; lastKnownFileType = sourcecode.swift; path = NoPartTableViewCell.swift; sourceTree = "<group>"; };
		9E6C75C026FD1ED500202923 /* PrivateUserProfileViewController.swift */ = {isa = PBXFileReference; lastKnownFileType = sourcecode.swift; path = PrivateUserProfileViewController.swift; sourceTree = "<group>"; };
		9E8524FB2703ADE800553148 /* TabTableViewCell.swift */ = {isa = PBXFileReference; lastKnownFileType = sourcecode.swift; path = TabTableViewCell.swift; sourceTree = "<group>"; };
		9E8524FC2703ADE900553148 /* TabTableViewCell.xib */ = {isa = PBXFileReference; lastKnownFileType = file.xib; path = TabTableViewCell.xib; sourceTree = "<group>"; };
		9E8524FD2703AF2100553148 /* TabItemTableViewCell.swift */ = {isa = PBXFileReference; lastKnownFileType = sourcecode.swift; path = TabItemTableViewCell.swift; sourceTree = "<group>"; };
		9E8524FE2703AF2100553148 /* TabItemTableViewCell.xib */ = {isa = PBXFileReference; lastKnownFileType = file.xib; path = TabItemTableViewCell.xib; sourceTree = "<group>"; };
		9EB2E7CA26FDD4F000769DF4 /* PhotosProfViewController.swift */ = {isa = PBXFileReference; lastKnownFileType = sourcecode.swift; path = PhotosProfViewController.swift; sourceTree = "<group>"; };
		9EB2E7CC26FDD50100769DF4 /* VideosProfViewController.swift */ = {isa = PBXFileReference; lastKnownFileType = sourcecode.swift; path = VideosProfViewController.swift; sourceTree = "<group>"; };
		9EB2E7CE26FDD9A400769DF4 /* VideosProfTableViewCell.swift */ = {isa = PBXFileReference; lastKnownFileType = sourcecode.swift; path = VideosProfTableViewCell.swift; sourceTree = "<group>"; };
		9EB2E7D026FDD9C000769DF4 /* VideosScrollCollectionViewCell.swift */ = {isa = PBXFileReference; lastKnownFileType = sourcecode.swift; path = VideosScrollCollectionViewCell.swift; sourceTree = "<group>"; };
		9EB5F54526DD45E300DE06B6 /* StoriesLivesViewController.swift */ = {isa = PBXFileReference; lastKnownFileType = sourcecode.swift; path = StoriesLivesViewController.swift; sourceTree = "<group>"; };
		9EB5F54726DD45FB00DE06B6 /* StoriesLivesCollectionViewCell.swift */ = {isa = PBXFileReference; lastKnownFileType = sourcecode.swift; path = StoriesLivesCollectionViewCell.swift; sourceTree = "<group>"; };
		9EB5F54926DD574E00DE06B6 /* StoriesViewViewController.swift */ = {isa = PBXFileReference; lastKnownFileType = sourcecode.swift; path = StoriesViewViewController.swift; sourceTree = "<group>"; };
		9EB5F54B26DD59B200DE06B6 /* StoriesViewCollectionViewCell.swift */ = {isa = PBXFileReference; lastKnownFileType = sourcecode.swift; path = StoriesViewCollectionViewCell.swift; sourceTree = "<group>"; };
		9EB5F54D26DD5F9E00DE06B6 /* StoriesReactsViewController.swift */ = {isa = PBXFileReference; lastKnownFileType = sourcecode.swift; path = StoriesReactsViewController.swift; sourceTree = "<group>"; };
		9EB5F54F26DD640000DE06B6 /* UserProfileViewController.swift */ = {isa = PBXFileReference; lastKnownFileType = sourcecode.swift; path = UserProfileViewController.swift; sourceTree = "<group>"; };
		9EB5F55126DD660100DE06B6 /* UserProfileInformationViewController.swift */ = {isa = PBXFileReference; lastKnownFileType = sourcecode.swift; path = UserProfileInformationViewController.swift; sourceTree = "<group>"; };
		9EB5F55326DD662800DE06B6 /* UserProfilePostViewController.swift */ = {isa = PBXFileReference; lastKnownFileType = sourcecode.swift; path = UserProfilePostViewController.swift; sourceTree = "<group>"; };
		9EB792E026DD3971001D5638 /* CountryGrpTableViewCell.swift */ = {isa = PBXFileReference; lastKnownFileType = sourcecode.swift; path = CountryGrpTableViewCell.swift; sourceTree = "<group>"; };
		9EB792E226DD398E001D5638 /* CountryGrpViewController.swift */ = {isa = PBXFileReference; lastKnownFileType = sourcecode.swift; path = CountryGrpViewController.swift; sourceTree = "<group>"; };
		9EB792E426DD405A001D5638 /* CreatePostViewController.swift */ = {isa = PBXFileReference; lastKnownFileType = sourcecode.swift; path = CreatePostViewController.swift; sourceTree = "<group>"; };
		9ECD0C0526DB7ABB00CAD0E2 /* InterestsViewController.swift */ = {isa = PBXFileReference; lastKnownFileType = sourcecode.swift; path = InterestsViewController.swift; sourceTree = "<group>"; };
		9ECD0C0726DB7EF200CAD0E2 /* AccountsInterestsTableViewCell.swift */ = {isa = PBXFileReference; lastKnownFileType = sourcecode.swift; path = AccountsInterestsTableViewCell.swift; sourceTree = "<group>"; };
		9ECD0C0926DBA1F300CAD0E2 /* NotificationViewController.swift */ = {isa = PBXFileReference; lastKnownFileType = sourcecode.swift; path = NotificationViewController.swift; sourceTree = "<group>"; };
		9ECD0C0C26DBA46F00CAD0E2 /* Notification_1TableViewCell.swift */ = {isa = PBXFileReference; lastKnownFileType = sourcecode.swift; path = Notification_1TableViewCell.swift; sourceTree = "<group>"; };
		9ECD0C0E26DBA4DF00CAD0E2 /* Notification_2TableViewCell.swift */ = {isa = PBXFileReference; lastKnownFileType = sourcecode.swift; path = Notification_2TableViewCell.swift; sourceTree = "<group>"; };
		9ECD0C1026DBA97100CAD0E2 /* Notification_3TableViewCell.swift */ = {isa = PBXFileReference; lastKnownFileType = sourcecode.swift; path = Notification_3TableViewCell.swift; sourceTree = "<group>"; };
		9ECD0C1226DBA9F900CAD0E2 /* FriendRequestCollectionViewCell.swift */ = {isa = PBXFileReference; lastKnownFileType = sourcecode.swift; path = FriendRequestCollectionViewCell.swift; sourceTree = "<group>"; };
		9ECD0C1426DC00E400CAD0E2 /* AllGroupsViewController.swift */ = {isa = PBXFileReference; lastKnownFileType = sourcecode.swift; path = AllGroupsViewController.swift; sourceTree = "<group>"; };
		9ECD0C1626DC03B600CAD0E2 /* AllGroupCollectionViewCell.swift */ = {isa = PBXFileReference; lastKnownFileType = sourcecode.swift; path = AllGroupCollectionViewCell.swift; sourceTree = "<group>"; };
		9ECD0C1826DC114300CAD0E2 /* AllCommunitiesViewController.swift */ = {isa = PBXFileReference; lastKnownFileType = sourcecode.swift; path = AllCommunitiesViewController.swift; sourceTree = "<group>"; };
		9ECD0C1A26DC162D00CAD0E2 /* MultipleImagesViewController.swift */ = {isa = PBXFileReference; lastKnownFileType = sourcecode.swift; path = MultipleImagesViewController.swift; sourceTree = "<group>"; };
		9ECD0C1D26DC291300CAD0E2 /* WhatsOnTableViewCell.swift */ = {isa = PBXFileReference; lastKnownFileType = sourcecode.swift; path = WhatsOnTableViewCell.swift; sourceTree = "<group>"; };
		9ECD0C1F26DC292100CAD0E2 /* StoriesTableViewCell.swift */ = {isa = PBXFileReference; lastKnownFileType = sourcecode.swift; path = StoriesTableViewCell.swift; sourceTree = "<group>"; };
		9ECD0C2126DC293000CAD0E2 /* PopularGroupsTableViewCell.swift */ = {isa = PBXFileReference; lastKnownFileType = sourcecode.swift; path = PopularGroupsTableViewCell.swift; sourceTree = "<group>"; };
		9ECD0C2426DC295200CAD0E2 /* StoriesCollectionViewCell.swift */ = {isa = PBXFileReference; lastKnownFileType = sourcecode.swift; path = StoriesCollectionViewCell.swift; sourceTree = "<group>"; };
		9ECD0C2826DC2A8A00CAD0E2 /* PopGroupsCollectionViewCell.swift */ = {isa = PBXFileReference; lastKnownFileType = sourcecode.swift; path = PopGroupsCollectionViewCell.swift; sourceTree = "<group>"; };
		9ECD0C2A26DC2F7800CAD0E2 /* Feed_1TableViewCell.swift */ = {isa = PBXFileReference; lastKnownFileType = sourcecode.swift; path = Feed_1TableViewCell.swift; sourceTree = "<group>"; };
		9ECD0C2C26DC342300CAD0E2 /* CompaTableViewCell.swift */ = {isa = PBXFileReference; lastKnownFileType = sourcecode.swift; path = CompaTableViewCell.swift; sourceTree = "<group>"; };
		9ED1067B26DAB99F00F90278 /* InformationDescTableViewCell.swift */ = {isa = PBXFileReference; lastKnownFileType = sourcecode.swift; path = InformationDescTableViewCell.swift; sourceTree = "<group>"; };
		9ED1067D26DAB9C200F90278 /* InterestsTableViewCell.swift */ = {isa = PBXFileReference; lastKnownFileType = sourcecode.swift; path = InterestsTableViewCell.swift; sourceTree = "<group>"; };
		9ED1067F26DABA1600F90278 /* AccountsInterestsViewController.swift */ = {isa = PBXFileReference; lastKnownFileType = sourcecode.swift; path = AccountsInterestsViewController.swift; sourceTree = "<group>"; };
		9ED1068126DAC31300F90278 /* AccountGroupsTableViewCell.swift */ = {isa = PBXFileReference; lastKnownFileType = sourcecode.swift; path = AccountGroupsTableViewCell.swift; sourceTree = "<group>"; };
		9ED1068326DAC4E600F90278 /* GroupsCollectionViewCell.swift */ = {isa = PBXFileReference; lastKnownFileType = sourcecode.swift; path = GroupsCollectionViewCell.swift; sourceTree = "<group>"; };
		9ED1068526DACE7900F90278 /* PoatsTableViewCell.swift */ = {isa = PBXFileReference; lastKnownFileType = sourcecode.swift; path = PoatsTableViewCell.swift; sourceTree = "<group>"; };
		9ED8AD7B26D42C7400789C71 /* SettingsViewController.swift */ = {isa = PBXFileReference; lastKnownFileType = sourcecode.swift; path = SettingsViewController.swift; sourceTree = "<group>"; };
		9ED8AD7E26D42CB000789C71 /* ProfileNameTableViewCell.swift */ = {isa = PBXFileReference; lastKnownFileType = sourcecode.swift; path = ProfileNameTableViewCell.swift; sourceTree = "<group>"; };
		9ED8AD8026D42CC100789C71 /* ProfileMailTableViewCell.swift */ = {isa = PBXFileReference; lastKnownFileType = sourcecode.swift; path = ProfileMailTableViewCell.swift; sourceTree = "<group>"; };
		9ED8AD8226D42CD300789C71 /* ProfileLogoutTableViewCell.swift */ = {isa = PBXFileReference; lastKnownFileType = sourcecode.swift; path = ProfileLogoutTableViewCell.swift; sourceTree = "<group>"; };
		9ED8AD8426D432AA00789C71 /* AccountsViewController.swift */ = {isa = PBXFileReference; lastKnownFileType = sourcecode.swift; path = AccountsViewController.swift; sourceTree = "<group>"; };
		9EEC95EF26CAED7C0082C8E0 /* MainViewController.swift */ = {isa = PBXFileReference; lastKnownFileType = sourcecode.swift; path = MainViewController.swift; sourceTree = "<group>"; };
		BD478C6EBE2FA7B8A61F13F9 /* Pods-Marcy.release.xcconfig */ = {isa = PBXFileReference; includeInIndex = 1; lastKnownFileType = text.xcconfig; name = "Pods-Marcy.release.xcconfig"; path = "Target Support Files/Pods-Marcy/Pods-Marcy.release.xcconfig"; sourceTree = "<group>"; };
/* End PBXFileReference section */

/* Begin PBXFrameworksBuildPhase section */
		9E5C33D626C80D7B00CCFF85 /* Frameworks */ = {
			isa = PBXFrameworksBuildPhase;
			buildActionMask = 2147483647;
			files = (
				678F176BB1DCBC6E2E4209EF /* Pods_Marcy.framework in Frameworks */,
			);
			runOnlyForDeploymentPostprocessing = 0;
		};
		9E5C33EC26C80D8300CCFF85 /* Frameworks */ = {
			isa = PBXFrameworksBuildPhase;
			buildActionMask = 2147483647;
			files = (
			);
			runOnlyForDeploymentPostprocessing = 0;
		};
		9E5C33F726C80D8300CCFF85 /* Frameworks */ = {
			isa = PBXFrameworksBuildPhase;
			buildActionMask = 2147483647;
			files = (
			);
			runOnlyForDeploymentPostprocessing = 0;
		};
/* End PBXFrameworksBuildPhase section */

/* Begin PBXGroup section */
		1A9A32ED3FE19C8E22D6BADC /* Pods */ = {
			isa = PBXGroup;
			children = (
				107A653EABCDA83FCDC9F369 /* Pods-Marcy.debug.xcconfig */,
				BD478C6EBE2FA7B8A61F13F9 /* Pods-Marcy.release.xcconfig */,
			);
			path = Pods;
			sourceTree = "<group>";
		};
		9E2452D926CD0BE300D8AD4B /* Message */ = {
			isa = PBXGroup;
			children = (
				9E2452DC26CD0D2F00D8AD4B /* cells */,
				9E2452DA26CD0BFB00D8AD4B /* MessagesViewController.swift */,
				9E047F8226CEF04800B757EF /* MessageChatViewController.swift */,
			);
			path = Message;
			sourceTree = "<group>";
		};
		9E2452DC26CD0D2F00D8AD4B /* cells */ = {
			isa = PBXGroup;
			children = (
				9E2452DD26CD0D4600D8AD4B /* FrequentUserTableViewCell.swift */,
				9E2452DF26CD0DA700D8AD4B /* ChatuserTableViewCell.swift */,
				9E2452E126CD0DE400D8AD4B /* FrequentUserCollectionViewCell.swift */,
				9E047F8426CEF3A100B757EF /* MessageClientTableViewCell.swift */,
				9E047F8626CEF3C900B757EF /* MessageUserTableViewCell.swift */,
				9E047F8826CEF3DA00B757EF /* MessageAudioTableViewCell.swift */,
				9E047F8A26CEF3EB00B757EF /* MessageJustNowTableViewCell.swift */,
			);
			path = cells;
			sourceTree = "<group>";
		};
		9E3CC44A26D199B1005CDBCD /* Search */ = {
			isa = PBXGroup;
			children = (
				9E3CC44D26D199D2005CDBCD /* cells */,
				9E3CC44B26D199CD005CDBCD /* SearchViewController.swift */,
			);
			path = Search;
			sourceTree = "<group>";
		};
		9E3CC44D26D199D2005CDBCD /* cells */ = {
			isa = PBXGroup;
			children = (
				9E3CC44E26D199E8005CDBCD /* SearchTableViewCell.swift */,
			);
			path = cells;
			sourceTree = "<group>";
		};
		9E3CC45026D19F25005CDBCD /* Discover */ = {
			isa = PBXGroup;
			children = (
				9ECD0C1C26DC28F100CAD0E2 /* DiscoverPage Cells */,
				9ECD0C0B26DBA41D00CAD0E2 /* cells */,
				9E3CC45126D19F3C005CDBCD /* DiscoverViewController.swift */,
				9ECD0C0926DBA1F300CAD0E2 /* NotificationViewController.swift */,
				9ECD0C1426DC00E400CAD0E2 /* AllGroupsViewController.swift */,
				9ECD0C1826DC114300CAD0E2 /* AllCommunitiesViewController.swift */,
				9EB792E226DD398E001D5638 /* CountryGrpViewController.swift */,
				9EB792E426DD405A001D5638 /* CreatePostViewController.swift */,
				9EB5F54526DD45E300DE06B6 /* StoriesLivesViewController.swift */,
				9EB5F54926DD574E00DE06B6 /* StoriesViewViewController.swift */,
				9EB5F54D26DD5F9E00DE06B6 /* StoriesReactsViewController.swift */,
				9EB5F54F26DD640000DE06B6 /* UserProfileViewController.swift */,
				9EB5F55126DD660100DE06B6 /* UserProfileInformationViewController.swift */,
				9EB5F55326DD662800DE06B6 /* UserProfilePostViewController.swift */,
			);
			path = Discover;
			sourceTree = "<group>";
		};
		9E5C33D026C80D7A00CCFF85 = {
			isa = PBXGroup;
			children = (
				9E5C33DB26C80D7B00CCFF85 /* Marcy */,
				9E5C33F226C80D8300CCFF85 /* MarcyTests */,
				9E5C33FD26C80D8300CCFF85 /* MarcyUITests */,
				9E5C33DA26C80D7B00CCFF85 /* Products */,
				1A9A32ED3FE19C8E22D6BADC /* Pods */,
				E02EE424CE8940F4DA1462B0 /* Frameworks */,
			);
			sourceTree = "<group>";
		};
		9E5C33DA26C80D7B00CCFF85 /* Products */ = {
			isa = PBXGroup;
			children = (
				9E5C33D926C80D7B00CCFF85 /* Marcy.app */,
				9E5C33EF26C80D8300CCFF85 /* MarcyTests.xctest */,
				9E5C33FA26C80D8300CCFF85 /* MarcyUITests.xctest */,
			);
			name = Products;
			sourceTree = "<group>";
		};
		9E5C33DB26C80D7B00CCFF85 /* Marcy */ = {
			isa = PBXGroup;
			children = (
				9E5C340F26C818A200CCFF85 /* Common */,
				9E5C340C26C8178500CCFF85 /* ViewController */,
				9EEC95EC26CAEAA90082C8E0 /* Storyboard */,
				9EEC95ED26CAEABD0082C8E0 /* Delegate */,
				9E5C33E526C80D8200CCFF85 /* Assets.xcassets */,
				9E5C33EA26C80D8300CCFF85 /* Info.plist */,
			);
			path = Marcy;
			sourceTree = "<group>";
		};
		9E5C33F226C80D8300CCFF85 /* MarcyTests */ = {
			isa = PBXGroup;
			children = (
				9E5C33F326C80D8300CCFF85 /* MarcyTests.swift */,
				9E5C33F526C80D8300CCFF85 /* Info.plist */,
			);
			path = MarcyTests;
			sourceTree = "<group>";
		};
		9E5C33FD26C80D8300CCFF85 /* MarcyUITests */ = {
			isa = PBXGroup;
			children = (
				9E5C33FE26C80D8300CCFF85 /* MarcyUITests.swift */,
				9E5C340026C80D8300CCFF85 /* Info.plist */,
			);
			path = MarcyUITests;
			sourceTree = "<group>";
		};
		9E5C340C26C8178500CCFF85 /* ViewController */ = {
			isa = PBXGroup;
			children = (
				9EEC95EE26CAED6C0082C8E0 /* MainPage */,
				9E5C341226C83AF400CCFF85 /* SignUp */,
				9E5C340D26C817D700CCFF85 /* FirstViewController.swift */,
			);
			path = ViewController;
			sourceTree = "<group>";
		};
		9E5C340F26C818A200CCFF85 /* Common */ = {
			isa = PBXGroup;
			children = (
				9E5C341026C818B800CCFF85 /* View+Extensions.swift */,
				9E5C341526C846F000CCFF85 /* DeviceModel.swift */,
			);
			path = Common;
			sourceTree = "<group>";
		};
		9E5C341226C83AF400CCFF85 /* SignUp */ = {
			isa = PBXGroup;
			children = (
				9E5C341326C83B1000CCFF85 /* SignupViewController.swift */,
				9E5C341726C84A1D00CCFF85 /* SignUpNextViewController.swift */,
				9E5C341926C851A200CCFF85 /* SignInViewController.swift */,
				9E5C341B26C857B100CCFF85 /* VerificationViewController.swift */,
			);
			path = SignUp;
			sourceTree = "<group>";
		};
		9E6C75BF26FD1EB500202923 /* Other user */ = {
			isa = PBXGroup;
			children = (
				9E6C75C026FD1ED500202923 /* PrivateUserProfileViewController.swift */,
			);
			path = "Other user";
			sourceTree = "<group>";
		};
		9E8524FA2703ADD500553148 /* Demo */ = {
			isa = PBXGroup;
			children = (
				9E8524FB2703ADE800553148 /* TabTableViewCell.swift */,
				9E8524FC2703ADE900553148 /* TabTableViewCell.xib */,
				9E8524FD2703AF2100553148 /* TabItemTableViewCell.swift */,
				9E8524FE2703AF2100553148 /* TabItemTableViewCell.xib */,
			);
			path = Demo;
			sourceTree = "<group>";
		};
		9ECD0C0B26DBA41D00CAD0E2 /* cells */ = {
			isa = PBXGroup;
			children = (
				9E8524FA2703ADD500553148 /* Demo */,
				9EB792E026DD3971001D5638 /* CountryGrpTableViewCell.swift */,
				9ECD0C0C26DBA46F00CAD0E2 /* Notification_1TableViewCell.swift */,
				9ECD0C0E26DBA4DF00CAD0E2 /* Notification_2TableViewCell.swift */,
				9ECD0C1026DBA97100CAD0E2 /* Notification_3TableViewCell.swift */,
				9ECD0C1226DBA9F900CAD0E2 /* FriendRequestCollectionViewCell.swift */,
				9ECD0C1626DC03B600CAD0E2 /* AllGroupCollectionViewCell.swift */,
				9ECD0C1A26DC162D00CAD0E2 /* MultipleImagesViewController.swift */,
				9EB5F54726DD45FB00DE06B6 /* StoriesLivesCollectionViewCell.swift */,
				9EB5F54B26DD59B200DE06B6 /* StoriesViewCollectionViewCell.swift */,
				9E6C75A926FCDEE500202923 /* CountryFollowTableViewCell.swift */,
				9E6C75AB26FCDF8100202923 /* PhotoCountryCollectionViewCell.swift */,
				9E6C75AD26FCE9EB00202923 /* CountryHeaderTableViewCell.swift */,
				9E6C75AF26FD08DA00202923 /* PhotosOthersTableViewCell.swift */,
			);
			path = cells;
			sourceTree = "<group>";
		};
		9ECD0C1C26DC28F100CAD0E2 /* DiscoverPage Cells */ = {
			isa = PBXGroup;
			children = (
				9ECD0C2326DC293800CAD0E2 /* CollectionViewCell */,
				9ECD0C1D26DC291300CAD0E2 /* WhatsOnTableViewCell.swift */,
				9ECD0C1F26DC292100CAD0E2 /* StoriesTableViewCell.swift */,
				9ECD0C2126DC293000CAD0E2 /* PopularGroupsTableViewCell.swift */,
				9ECD0C2A26DC2F7800CAD0E2 /* Feed_1TableViewCell.swift */,
				9ECD0C2C26DC342300CAD0E2 /* CompaTableViewCell.swift */,
				9E1962E426E95C3F00C30A3C /* HeaderTableViewCell.swift */,
			);
			path = "DiscoverPage Cells";
			sourceTree = "<group>";
		};
		9ECD0C2326DC293800CAD0E2 /* CollectionViewCell */ = {
			isa = PBXGroup;
			children = (
				9ECD0C2426DC295200CAD0E2 /* StoriesCollectionViewCell.swift */,
				9ECD0C2826DC2A8A00CAD0E2 /* PopGroupsCollectionViewCell.swift */,
				9E63A52226EAA4B4006211DC /* FooterCollectionReusableView.swift */,
			);
			path = CollectionViewCell;
			sourceTree = "<group>";
		};
		9ED1067A26DAB97000F90278 /* cells */ = {
			isa = PBXGroup;
			children = (
				9ED1067B26DAB99F00F90278 /* InformationDescTableViewCell.swift */,
				9ED1067D26DAB9C200F90278 /* InterestsTableViewCell.swift */,
				9ED1068126DAC31300F90278 /* AccountGroupsTableViewCell.swift */,
				9ED1068326DAC4E600F90278 /* GroupsCollectionViewCell.swift */,
				9ED1068526DACE7900F90278 /* PoatsTableViewCell.swift */,
				9ECD0C0726DB7EF200CAD0E2 /* AccountsInterestsTableViewCell.swift */,
				9EB2E7CE26FDD9A400769DF4 /* VideosProfTableViewCell.swift */,
				9EB2E7D026FDD9C000769DF4 /* VideosScrollCollectionViewCell.swift */,
			);
			path = cells;
			sourceTree = "<group>";
		};
		9ED8AD7926D42C5900789C71 /* Accounts */ = {
			isa = PBXGroup;
			children = (
				9ED1067A26DAB97000F90278 /* cells */,
				9ED8AD7A26D42C6200789C71 /* Settings */,
				9ED8AD8426D432AA00789C71 /* AccountsViewController.swift */,
				9E49A6F026D57E9100573D2B /* AccountPageViewController.swift */,
				9E49A6F226D57FB500573D2B /* InformationViewController.swift */,
				9E49A6F426D57FC200573D2B /* PostsViewController.swift */,
				9ED1067F26DABA1600F90278 /* AccountsInterestsViewController.swift */,
				9ECD0C0526DB7ABB00CAD0E2 /* InterestsViewController.swift */,
				9EB2E7CA26FDD4F000769DF4 /* PhotosProfViewController.swift */,
				9EB2E7CC26FDD50100769DF4 /* VideosProfViewController.swift */,
			);
			path = Accounts;
			sourceTree = "<group>";
		};
		9ED8AD7A26D42C6200789C71 /* Settings */ = {
			isa = PBXGroup;
			children = (
				9ED8AD7D26D42C7A00789C71 /* cells */,
				9ED8AD7B26D42C7400789C71 /* SettingsViewController.swift */,
			);
			path = Settings;
			sourceTree = "<group>";
		};
		9ED8AD7D26D42C7A00789C71 /* cells */ = {
			isa = PBXGroup;
			children = (
				9ED8AD7E26D42CB000789C71 /* ProfileNameTableViewCell.swift */,
				9ED8AD8026D42CC100789C71 /* ProfileMailTableViewCell.swift */,
				9ED8AD8226D42CD300789C71 /* ProfileLogoutTableViewCell.swift */,
				9E6C75B126FD12CE00202923 /* ProfCountryTableViewCell.swift */,
				9E6C75B326FD12DD00202923 /* ProfLangTableViewCell.swift */,
				9E6C75B526FD12EB00202923 /* ProfPvtTableViewCell.swift */,
				9E6C75B726FD12F900202923 /* ProfOtherAccountsTableViewCell.swift */,
				9E6C75B926FD131700202923 /* ProfAddmoreTableViewCell.swift */,
				9E6C75BB26FD172D00202923 /* OtherAccountViewController.swift */,
				9E6C75BD26FD194B00202923 /* NoPartTableViewCell.swift */,
			);
			path = cells;
			sourceTree = "<group>";
		};
		9EEC95EC26CAEAA90082C8E0 /* Storyboard */ = {
			isa = PBXGroup;
			children = (
				9E5C33E226C80D7B00CCFF85 /* Main.storyboard */,
				9E5C33E726C80D8300CCFF85 /* LaunchScreen.storyboard */,
			);
			path = Storyboard;
			sourceTree = "<group>";
		};
		9EEC95ED26CAEABD0082C8E0 /* Delegate */ = {
			isa = PBXGroup;
			children = (
				9E5C33DC26C80D7B00CCFF85 /* AppDelegate.swift */,
				9E5C33DE26C80D7B00CCFF85 /* SceneDelegate.swift */,
			);
			path = Delegate;
			sourceTree = "<group>";
		};
		9EEC95EE26CAED6C0082C8E0 /* MainPage */ = {
			isa = PBXGroup;
			children = (
				9E6C75BF26FD1EB500202923 /* Other user */,
				9ED8AD7926D42C5900789C71 /* Accounts */,
				9E3CC45026D19F25005CDBCD /* Discover */,
				9E3CC44A26D199B1005CDBCD /* Search */,
				9E2452D926CD0BE300D8AD4B /* Message */,
				9EEC95EF26CAED7C0082C8E0 /* MainViewController.swift */,
			);
			path = MainPage;
			sourceTree = "<group>";
		};
		E02EE424CE8940F4DA1462B0 /* Frameworks */ = {
			isa = PBXGroup;
			children = (
				87A2F8FA1F5B2B0CCE145D87 /* Pods_Marcy.framework */,
			);
			name = Frameworks;
			sourceTree = "<group>";
		};
/* End PBXGroup section */

/* Begin PBXNativeTarget section */
		9E5C33D826C80D7B00CCFF85 /* Marcy */ = {
			isa = PBXNativeTarget;
			buildConfigurationList = 9E5C340326C80D8300CCFF85 /* Build configuration list for PBXNativeTarget "Marcy" */;
			buildPhases = (
				900294A26EB31891AFE49E7B /* [CP] Check Pods Manifest.lock */,
				9E5C33D526C80D7B00CCFF85 /* Sources */,
				9E5C33D626C80D7B00CCFF85 /* Frameworks */,
				9E5C33D726C80D7B00CCFF85 /* Resources */,
				3F4711F58E6C9607BF579162 /* [CP] Embed Pods Frameworks */,
			);
			buildRules = (
			);
			dependencies = (
			);
			name = Marcy;
			productName = Marcy;
			productReference = 9E5C33D926C80D7B00CCFF85 /* Marcy.app */;
			productType = "com.apple.product-type.application";
		};
		9E5C33EE26C80D8300CCFF85 /* MarcyTests */ = {
			isa = PBXNativeTarget;
			buildConfigurationList = 9E5C340626C80D8300CCFF85 /* Build configuration list for PBXNativeTarget "MarcyTests" */;
			buildPhases = (
				9E5C33EB26C80D8300CCFF85 /* Sources */,
				9E5C33EC26C80D8300CCFF85 /* Frameworks */,
				9E5C33ED26C80D8300CCFF85 /* Resources */,
			);
			buildRules = (
			);
			dependencies = (
				9E5C33F126C80D8300CCFF85 /* PBXTargetDependency */,
			);
			name = MarcyTests;
			productName = MarcyTests;
			productReference = 9E5C33EF26C80D8300CCFF85 /* MarcyTests.xctest */;
			productType = "com.apple.product-type.bundle.unit-test";
		};
		9E5C33F926C80D8300CCFF85 /* MarcyUITests */ = {
			isa = PBXNativeTarget;
			buildConfigurationList = 9E5C340926C80D8300CCFF85 /* Build configuration list for PBXNativeTarget "MarcyUITests" */;
			buildPhases = (
				9E5C33F626C80D8300CCFF85 /* Sources */,
				9E5C33F726C80D8300CCFF85 /* Frameworks */,
				9E5C33F826C80D8300CCFF85 /* Resources */,
			);
			buildRules = (
			);
			dependencies = (
				9E5C33FC26C80D8300CCFF85 /* PBXTargetDependency */,
			);
			name = MarcyUITests;
			productName = MarcyUITests;
			productReference = 9E5C33FA26C80D8300CCFF85 /* MarcyUITests.xctest */;
			productType = "com.apple.product-type.bundle.ui-testing";
		};
/* End PBXNativeTarget section */

/* Begin PBXProject section */
		9E5C33D126C80D7A00CCFF85 /* Project object */ = {
			isa = PBXProject;
			attributes = {
				LastSwiftUpdateCheck = 1250;
				LastUpgradeCheck = 1250;
				TargetAttributes = {
					9E5C33D826C80D7B00CCFF85 = {
						CreatedOnToolsVersion = 12.5.1;
					};
					9E5C33EE26C80D8300CCFF85 = {
						CreatedOnToolsVersion = 12.5.1;
						TestTargetID = 9E5C33D826C80D7B00CCFF85;
					};
					9E5C33F926C80D8300CCFF85 = {
						CreatedOnToolsVersion = 12.5.1;
						TestTargetID = 9E5C33D826C80D7B00CCFF85;
					};
				};
			};
			buildConfigurationList = 9E5C33D426C80D7A00CCFF85 /* Build configuration list for PBXProject "Marcy" */;
			compatibilityVersion = "Xcode 9.3";
			developmentRegion = en;
			hasScannedForEncodings = 0;
			knownRegions = (
				en,
				Base,
			);
			mainGroup = 9E5C33D026C80D7A00CCFF85;
			productRefGroup = 9E5C33DA26C80D7B00CCFF85 /* Products */;
			projectDirPath = "";
			projectRoot = "";
			targets = (
				9E5C33D826C80D7B00CCFF85 /* Marcy */,
				9E5C33EE26C80D8300CCFF85 /* MarcyTests */,
				9E5C33F926C80D8300CCFF85 /* MarcyUITests */,
			);
		};
/* End PBXProject section */

/* Begin PBXResourcesBuildPhase section */
		9E5C33D726C80D7B00CCFF85 /* Resources */ = {
			isa = PBXResourcesBuildPhase;
			buildActionMask = 2147483647;
			files = (
				9E5C33E926C80D8300CCFF85 /* LaunchScreen.storyboard in Resources */,
				9E5C33E626C80D8200CCFF85 /* Assets.xcassets in Resources */,
				9E8525002703AF2100553148 /* TabItemTableViewCell.xib in Resources */,
				9E5C33E426C80D7B00CCFF85 /* Main.storyboard in Resources */,
			);
			runOnlyForDeploymentPostprocessing = 0;
		};
		9E5C33ED26C80D8300CCFF85 /* Resources */ = {
			isa = PBXResourcesBuildPhase;
			buildActionMask = 2147483647;
			files = (
			);
			runOnlyForDeploymentPostprocessing = 0;
		};
		9E5C33F826C80D8300CCFF85 /* Resources */ = {
			isa = PBXResourcesBuildPhase;
			buildActionMask = 2147483647;
			files = (
			);
			runOnlyForDeploymentPostprocessing = 0;
		};
/* End PBXResourcesBuildPhase section */

/* Begin PBXShellScriptBuildPhase section */
		3F4711F58E6C9607BF579162 /* [CP] Embed Pods Frameworks */ = {
			isa = PBXShellScriptBuildPhase;
			buildActionMask = 2147483647;
			files = (
			);
			inputFileListPaths = (
				"${PODS_ROOT}/Target Support Files/Pods-Marcy/Pods-Marcy-frameworks-${CONFIGURATION}-input-files.xcfilelist",
			);
			name = "[CP] Embed Pods Frameworks";
			outputFileListPaths = (
				"${PODS_ROOT}/Target Support Files/Pods-Marcy/Pods-Marcy-frameworks-${CONFIGURATION}-output-files.xcfilelist",
			);
			runOnlyForDeploymentPostprocessing = 0;
			shellPath = /bin/sh;
			shellScript = "\"${PODS_ROOT}/Target Support Files/Pods-Marcy/Pods-Marcy-frameworks.sh\"\n";
			showEnvVarsInLog = 0;
		};
		900294A26EB31891AFE49E7B /* [CP] Check Pods Manifest.lock */ = {
			isa = PBXShellScriptBuildPhase;
			buildActionMask = 2147483647;
			files = (
			);
			inputFileListPaths = (
			);
			inputPaths = (
				"${PODS_PODFILE_DIR_PATH}/Podfile.lock",
				"${PODS_ROOT}/Manifest.lock",
			);
			name = "[CP] Check Pods Manifest.lock";
			outputFileListPaths = (
			);
			outputPaths = (
				"$(DERIVED_FILE_DIR)/Pods-Marcy-checkManifestLockResult.txt",
			);
			runOnlyForDeploymentPostprocessing = 0;
			shellPath = /bin/sh;
			shellScript = "diff \"${PODS_PODFILE_DIR_PATH}/Podfile.lock\" \"${PODS_ROOT}/Manifest.lock\" > /dev/null\nif [ $? != 0 ] ; then\n    # print error to STDERR\n    echo \"error: The sandbox is not in sync with the Podfile.lock. Run 'pod install' or update your CocoaPods installation.\" >&2\n    exit 1\nfi\n# This output is used by Xcode 'outputs' to avoid re-running this script phase.\necho \"SUCCESS\" > \"${SCRIPT_OUTPUT_FILE_0}\"\n";
			showEnvVarsInLog = 0;
		};
/* End PBXShellScriptBuildPhase section */

/* Begin PBXSourcesBuildPhase section */
		9E5C33D526C80D7B00CCFF85 /* Sources */ = {
			isa = PBXSourcesBuildPhase;
			buildActionMask = 2147483647;
			files = (
				9ED1068426DAC4E600F90278 /* GroupsCollectionViewCell.swift in Sources */,
				9EB5F54C26DD59B200DE06B6 /* StoriesViewCollectionViewCell.swift in Sources */,
				9E6C75AA26FCDEE500202923 /* CountryFollowTableViewCell.swift in Sources */,
				9E5C341426C83B1000CCFF85 /* SignupViewController.swift in Sources */,
				9EB792E126DD3971001D5638 /* CountryGrpTableViewCell.swift in Sources */,
				9E047F8326CEF04800B757EF /* MessageChatViewController.swift in Sources */,
				9ECD0C2526DC295200CAD0E2 /* StoriesCollectionViewCell.swift in Sources */,
				9EB792E326DD398E001D5638 /* CountryGrpViewController.swift in Sources */,
				9E6C75B426FD12DD00202923 /* ProfLangTableViewCell.swift in Sources */,
				9ED8AD8126D42CC100789C71 /* ProfileMailTableViewCell.swift in Sources */,
				9ECD0C1926DC114300CAD0E2 /* AllCommunitiesViewController.swift in Sources */,
				9E6C75B626FD12EB00202923 /* ProfPvtTableViewCell.swift in Sources */,
				9EB2E7CF26FDD9A400769DF4 /* VideosProfTableViewCell.swift in Sources */,
				9EB2E7CB26FDD4F000769DF4 /* PhotosProfViewController.swift in Sources */,
				9ECD0C2D26DC342300CAD0E2 /* CompaTableViewCell.swift in Sources */,
				9EB5F54E26DD5F9E00DE06B6 /* StoriesReactsViewController.swift in Sources */,
				9E5C33DD26C80D7B00CCFF85 /* AppDelegate.swift in Sources */,
				9ECD0C2026DC292100CAD0E2 /* StoriesTableViewCell.swift in Sources */,
				9ED1068226DAC31300F90278 /* AccountGroupsTableViewCell.swift in Sources */,
				9E6C75B226FD12CE00202923 /* ProfCountryTableViewCell.swift in Sources */,
				9ECD0C0F26DBA4DF00CAD0E2 /* Notification_2TableViewCell.swift in Sources */,
				9E6C75B026FD08DA00202923 /* PhotosOthersTableViewCell.swift in Sources */,
				9E047F8B26CEF3EB00B757EF /* MessageJustNowTableViewCell.swift in Sources */,
				9E1962E526E95C3F00C30A3C /* HeaderTableViewCell.swift in Sources */,
				9EB5F55026DD640000DE06B6 /* UserProfileViewController.swift in Sources */,
				9EB5F54626DD45E300DE06B6 /* StoriesLivesViewController.swift in Sources */,
				9E5C33DF26C80D7B00CCFF85 /* SceneDelegate.swift in Sources */,
				9E047F8526CEF3A100B757EF /* MessageClientTableViewCell.swift in Sources */,
				9ED1068626DACE7900F90278 /* PoatsTableViewCell.swift in Sources */,
				9ECD0C1E26DC291300CAD0E2 /* WhatsOnTableViewCell.swift in Sources */,
				9E49A6F126D57E9100573D2B /* AccountPageViewController.swift in Sources */,
				9E3CC44F26D199E8005CDBCD /* SearchTableViewCell.swift in Sources */,
				9E6C75AC26FCDF8100202923 /* PhotoCountryCollectionViewCell.swift in Sources */,
				9ECD0C2226DC293000CAD0E2 /* PopularGroupsTableViewCell.swift in Sources */,
				9E8524FF2703AF2100553148 /* TabItemTableViewCell.swift in Sources */,
				9EB2E7CD26FDD50100769DF4 /* VideosProfViewController.swift in Sources */,
				9ED8AD8326D42CD300789C71 /* ProfileLogoutTableViewCell.swift in Sources */,
				9E2452E026CD0DA700D8AD4B /* ChatuserTableViewCell.swift in Sources */,
				9E047F8926CEF3DA00B757EF /* MessageAudioTableViewCell.swift in Sources */,
				9E5C341126C818B800CCFF85 /* View+Extensions.swift in Sources */,
				9E047F8726CEF3C900B757EF /* MessageUserTableViewCell.swift in Sources */,
				9E3CC44C26D199CD005CDBCD /* SearchViewController.swift in Sources */,
				9ECD0C0D26DBA46F00CAD0E2 /* Notification_1TableViewCell.swift in Sources */,
				9ECD0C1126DBA97100CAD0E2 /* Notification_3TableViewCell.swift in Sources */,
				9E5C341A26C851A200CCFF85 /* SignInViewController.swift in Sources */,
				9E5C340E26C817D700CCFF85 /* FirstViewController.swift in Sources */,
				9E5C341C26C857B100CCFF85 /* VerificationViewController.swift in Sources */,
				9E6C75BA26FD131700202923 /* ProfAddmoreTableViewCell.swift in Sources */,
				9ECD0C0626DB7ABB00CAD0E2 /* InterestsViewController.swift in Sources */,
				9ED8AD7C26D42C7400789C71 /* SettingsViewController.swift in Sources */,
				9E6C75C126FD1ED500202923 /* PrivateUserProfileViewController.swift in Sources */,
				9E5C341826C84A1D00CCFF85 /* SignUpNextViewController.swift in Sources */,
				9E2452E226CD0DE400D8AD4B /* FrequentUserCollectionViewCell.swift in Sources */,
				9E6C75BC26FD172D00202923 /* OtherAccountViewController.swift in Sources */,
				9EB5F55426DD662800DE06B6 /* UserProfilePostViewController.swift in Sources */,
				9ECD0C1B26DC162D00CAD0E2 /* MultipleImagesViewController.swift in Sources */,
				9E5C341626C846F000CCFF85 /* DeviceModel.swift in Sources */,
				9E49A6F326D57FB500573D2B /* InformationViewController.swift in Sources */,
				9EB5F54826DD45FB00DE06B6 /* StoriesLivesCollectionViewCell.swift in Sources */,
				9EB5F54A26DD574E00DE06B6 /* StoriesViewViewController.swift in Sources */,
				9E2452DB26CD0BFB00D8AD4B /* MessagesViewController.swift in Sources */,
				9ECD0C2B26DC2F7800CAD0E2 /* Feed_1TableViewCell.swift in Sources */,
				9E49A6F526D57FC200573D2B /* PostsViewController.swift in Sources */,
				9ED1068026DABA1600F90278 /* AccountsInterestsViewController.swift in Sources */,
				9ED1067C26DAB99F00F90278 /* InformationDescTableViewCell.swift in Sources */,
				9E3CC45226D19F3C005CDBCD /* DiscoverViewController.swift in Sources */,
				9ED1067E26DAB9C200F90278 /* InterestsTableViewCell.swift in Sources */,
				9ECD0C2926DC2A8A00CAD0E2 /* PopGroupsCollectionViewCell.swift in Sources */,
				9ECD0C1526DC00E400CAD0E2 /* AllGroupsViewController.swift in Sources */,
				9EB2E7D126FDD9C000769DF4 /* VideosScrollCollectionViewCell.swift in Sources */,
				9E6C75AE26FCE9EB00202923 /* CountryHeaderTableViewCell.swift in Sources */,
				9ECD0C0826DB7EF200CAD0E2 /* AccountsInterestsTableViewCell.swift in Sources */,
				9EB792E526DD405A001D5638 /* CreatePostViewController.swift in Sources */,
				9E2452DE26CD0D4600D8AD4B /* FrequentUserTableViewCell.swift in Sources */,
				9ECD0C1326DBA9F900CAD0E2 /* FriendRequestCollectionViewCell.swift in Sources */,
				9E6C75BE26FD194B00202923 /* NoPartTableViewCell.swift in Sources */,
				9EB5F55226DD660100DE06B6 /* UserProfileInformationViewController.swift in Sources */,
				9ECD0C0A26DBA1F300CAD0E2 /* NotificationViewController.swift in Sources */,
				9ED8AD7F26D42CB000789C71 /* ProfileNameTableViewCell.swift in Sources */,
				9ED8AD8526D432AA00789C71 /* AccountsViewController.swift in Sources */,
				9EEC95F026CAED7C0082C8E0 /* MainViewController.swift in Sources */,
				9ECD0C1726DC03B600CAD0E2 /* AllGroupCollectionViewCell.swift in Sources */,
				9E6C75B826FD12F900202923 /* ProfOtherAccountsTableViewCell.swift in Sources */,
				9E63A52326EAA4B4006211DC /* FooterCollectionReusableView.swift in Sources */,
			);
			runOnlyForDeploymentPostprocessing = 0;
		};
		9E5C33EB26C80D8300CCFF85 /* Sources */ = {
			isa = PBXSourcesBuildPhase;
			buildActionMask = 2147483647;
			files = (
				9E5C33F426C80D8300CCFF85 /* MarcyTests.swift in Sources */,
			);
			runOnlyForDeploymentPostprocessing = 0;
		};
		9E5C33F626C80D8300CCFF85 /* Sources */ = {
			isa = PBXSourcesBuildPhase;
			buildActionMask = 2147483647;
			files = (
				9E5C33FF26C80D8300CCFF85 /* MarcyUITests.swift in Sources */,
			);
			runOnlyForDeploymentPostprocessing = 0;
		};
/* End PBXSourcesBuildPhase section */

/* Begin PBXTargetDependency section */
		9E5C33F126C80D8300CCFF85 /* PBXTargetDependency */ = {
			isa = PBXTargetDependency;
			target = 9E5C33D826C80D7B00CCFF85 /* Marcy */;
			targetProxy = 9E5C33F026C80D8300CCFF85 /* PBXContainerItemProxy */;
		};
		9E5C33FC26C80D8300CCFF85 /* PBXTargetDependency */ = {
			isa = PBXTargetDependency;
			target = 9E5C33D826C80D7B00CCFF85 /* Marcy */;
			targetProxy = 9E5C33FB26C80D8300CCFF85 /* PBXContainerItemProxy */;
		};
/* End PBXTargetDependency section */

/* Begin PBXVariantGroup section */
		9E5C33E226C80D7B00CCFF85 /* Main.storyboard */ = {
			isa = PBXVariantGroup;
			children = (
				9E5C33E326C80D7B00CCFF85 /* Base */,
			);
			name = Main.storyboard;
			sourceTree = "<group>";
		};
		9E5C33E726C80D8300CCFF85 /* LaunchScreen.storyboard */ = {
			isa = PBXVariantGroup;
			children = (
				9E5C33E826C80D8300CCFF85 /* Base */,
			);
			name = LaunchScreen.storyboard;
			sourceTree = "<group>";
		};
/* End PBXVariantGroup section */

/* Begin XCBuildConfiguration section */
		9E5C340126C80D8300CCFF85 /* Debug */ = {
			isa = XCBuildConfiguration;
			buildSettings = {
				ALWAYS_SEARCH_USER_PATHS = NO;
				CLANG_ANALYZER_NONNULL = YES;
				CLANG_ANALYZER_NUMBER_OBJECT_CONVERSION = YES_AGGRESSIVE;
				CLANG_CXX_LANGUAGE_STANDARD = "gnu++14";
				CLANG_CXX_LIBRARY = "libc++";
				CLANG_ENABLE_MODULES = YES;
				CLANG_ENABLE_OBJC_ARC = YES;
				CLANG_ENABLE_OBJC_WEAK = YES;
				CLANG_WARN_BLOCK_CAPTURE_AUTORELEASING = YES;
				CLANG_WARN_BOOL_CONVERSION = YES;
				CLANG_WARN_COMMA = YES;
				CLANG_WARN_CONSTANT_CONVERSION = YES;
				CLANG_WARN_DEPRECATED_OBJC_IMPLEMENTATIONS = YES;
				CLANG_WARN_DIRECT_OBJC_ISA_USAGE = YES_ERROR;
				CLANG_WARN_DOCUMENTATION_COMMENTS = YES;
				CLANG_WARN_EMPTY_BODY = YES;
				CLANG_WARN_ENUM_CONVERSION = YES;
				CLANG_WARN_INFINITE_RECURSION = YES;
				CLANG_WARN_INT_CONVERSION = YES;
				CLANG_WARN_NON_LITERAL_NULL_CONVERSION = YES;
				CLANG_WARN_OBJC_IMPLICIT_RETAIN_SELF = YES;
				CLANG_WARN_OBJC_LITERAL_CONVERSION = YES;
				CLANG_WARN_OBJC_ROOT_CLASS = YES_ERROR;
				CLANG_WARN_QUOTED_INCLUDE_IN_FRAMEWORK_HEADER = YES;
				CLANG_WARN_RANGE_LOOP_ANALYSIS = YES;
				CLANG_WARN_STRICT_PROTOTYPES = YES;
				CLANG_WARN_SUSPICIOUS_MOVE = YES;
				CLANG_WARN_UNGUARDED_AVAILABILITY = YES_AGGRESSIVE;
				CLANG_WARN_UNREACHABLE_CODE = YES;
				CLANG_WARN__DUPLICATE_METHOD_MATCH = YES;
				COPY_PHASE_STRIP = NO;
				DEBUG_INFORMATION_FORMAT = dwarf;
				ENABLE_STRICT_OBJC_MSGSEND = YES;
				ENABLE_TESTABILITY = YES;
				GCC_C_LANGUAGE_STANDARD = gnu11;
				GCC_DYNAMIC_NO_PIC = NO;
				GCC_NO_COMMON_BLOCKS = YES;
				GCC_OPTIMIZATION_LEVEL = 0;
				GCC_PREPROCESSOR_DEFINITIONS = (
					"DEBUG=1",
					"$(inherited)",
				);
				GCC_WARN_64_TO_32_BIT_CONVERSION = YES;
				GCC_WARN_ABOUT_RETURN_TYPE = YES_ERROR;
				GCC_WARN_UNDECLARED_SELECTOR = YES;
				GCC_WARN_UNINITIALIZED_AUTOS = YES_AGGRESSIVE;
				GCC_WARN_UNUSED_FUNCTION = YES;
				GCC_WARN_UNUSED_VARIABLE = YES;
				IPHONEOS_DEPLOYMENT_TARGET = 14.5;
				MTL_ENABLE_DEBUG_INFO = INCLUDE_SOURCE;
				MTL_FAST_MATH = YES;
				ONLY_ACTIVE_ARCH = YES;
				SDKROOT = iphoneos;
				SWIFT_ACTIVE_COMPILATION_CONDITIONS = DEBUG;
				SWIFT_OPTIMIZATION_LEVEL = "-Onone";
			};
			name = Debug;
		};
		9E5C340226C80D8300CCFF85 /* Release */ = {
			isa = XCBuildConfiguration;
			buildSettings = {
				ALWAYS_SEARCH_USER_PATHS = NO;
				CLANG_ANALYZER_NONNULL = YES;
				CLANG_ANALYZER_NUMBER_OBJECT_CONVERSION = YES_AGGRESSIVE;
				CLANG_CXX_LANGUAGE_STANDARD = "gnu++14";
				CLANG_CXX_LIBRARY = "libc++";
				CLANG_ENABLE_MODULES = YES;
				CLANG_ENABLE_OBJC_ARC = YES;
				CLANG_ENABLE_OBJC_WEAK = YES;
				CLANG_WARN_BLOCK_CAPTURE_AUTORELEASING = YES;
				CLANG_WARN_BOOL_CONVERSION = YES;
				CLANG_WARN_COMMA = YES;
				CLANG_WARN_CONSTANT_CONVERSION = YES;
				CLANG_WARN_DEPRECATED_OBJC_IMPLEMENTATIONS = YES;
				CLANG_WARN_DIRECT_OBJC_ISA_USAGE = YES_ERROR;
				CLANG_WARN_DOCUMENTATION_COMMENTS = YES;
				CLANG_WARN_EMPTY_BODY = YES;
				CLANG_WARN_ENUM_CONVERSION = YES;
				CLANG_WARN_INFINITE_RECURSION = YES;
				CLANG_WARN_INT_CONVERSION = YES;
				CLANG_WARN_NON_LITERAL_NULL_CONVERSION = YES;
				CLANG_WARN_OBJC_IMPLICIT_RETAIN_SELF = YES;
				CLANG_WARN_OBJC_LITERAL_CONVERSION = YES;
				CLANG_WARN_OBJC_ROOT_CLASS = YES_ERROR;
				CLANG_WARN_QUOTED_INCLUDE_IN_FRAMEWORK_HEADER = YES;
				CLANG_WARN_RANGE_LOOP_ANALYSIS = YES;
				CLANG_WARN_STRICT_PROTOTYPES = YES;
				CLANG_WARN_SUSPICIOUS_MOVE = YES;
				CLANG_WARN_UNGUARDED_AVAILABILITY = YES_AGGRESSIVE;
				CLANG_WARN_UNREACHABLE_CODE = YES;
				CLANG_WARN__DUPLICATE_METHOD_MATCH = YES;
				COPY_PHASE_STRIP = NO;
				DEBUG_INFORMATION_FORMAT = "dwarf-with-dsym";
				ENABLE_NS_ASSERTIONS = NO;
				ENABLE_STRICT_OBJC_MSGSEND = YES;
				GCC_C_LANGUAGE_STANDARD = gnu11;
				GCC_NO_COMMON_BLOCKS = YES;
				GCC_WARN_64_TO_32_BIT_CONVERSION = YES;
				GCC_WARN_ABOUT_RETURN_TYPE = YES_ERROR;
				GCC_WARN_UNDECLARED_SELECTOR = YES;
				GCC_WARN_UNINITIALIZED_AUTOS = YES_AGGRESSIVE;
				GCC_WARN_UNUSED_FUNCTION = YES;
				GCC_WARN_UNUSED_VARIABLE = YES;
				IPHONEOS_DEPLOYMENT_TARGET = 14.5;
				MTL_ENABLE_DEBUG_INFO = NO;
				MTL_FAST_MATH = YES;
				SDKROOT = iphoneos;
				SWIFT_COMPILATION_MODE = wholemodule;
				SWIFT_OPTIMIZATION_LEVEL = "-O";
				VALIDATE_PRODUCT = YES;
			};
			name = Release;
		};
		9E5C340426C80D8300CCFF85 /* Debug */ = {
			isa = XCBuildConfiguration;
			baseConfigurationReference = 107A653EABCDA83FCDC9F369 /* Pods-Marcy.debug.xcconfig */;
			buildSettings = {
				ASSETCATALOG_COMPILER_APPICON_NAME = AppIcon;
				ASSETCATALOG_COMPILER_GLOBAL_ACCENT_COLOR_NAME = AccentColor;
				CODE_SIGN_STYLE = Automatic;
				DEVELOPMENT_TEAM = JQB33K4HKY;
				INFOPLIST_FILE = Marcy/Info.plist;
				IPHONEOS_DEPLOYMENT_TARGET = 13.0;
				LD_RUNPATH_SEARCH_PATHS = (
					"$(inherited)",
					"@executable_path/Frameworks",
				);
				PRODUCT_BUNDLE_IDENTIFIER = com.marcy.Marcy;
				PRODUCT_NAME = "$(TARGET_NAME)";
				SWIFT_VERSION = 5.0;
				TARGETED_DEVICE_FAMILY = 1;
			};
			name = Debug;
		};
		9E5C340526C80D8300CCFF85 /* Release */ = {
			isa = XCBuildConfiguration;
			baseConfigurationReference = BD478C6EBE2FA7B8A61F13F9 /* Pods-Marcy.release.xcconfig */;
			buildSettings = {
				ASSETCATALOG_COMPILER_APPICON_NAME = AppIcon;
				ASSETCATALOG_COMPILER_GLOBAL_ACCENT_COLOR_NAME = AccentColor;
				CODE_SIGN_STYLE = Automatic;
				DEVELOPMENT_TEAM = JQB33K4HKY;
				INFOPLIST_FILE = Marcy/Info.plist;
				IPHONEOS_DEPLOYMENT_TARGET = 13.0;
				LD_RUNPATH_SEARCH_PATHS = (
					"$(inherited)",
					"@executable_path/Frameworks",
				);
				PRODUCT_BUNDLE_IDENTIFIER = com.marcy.Marcy;
				PRODUCT_NAME = "$(TARGET_NAME)";
				SWIFT_VERSION = 5.0;
				TARGETED_DEVICE_FAMILY = 1;
			};
			name = Release;
		};
		9E5C340726C80D8300CCFF85 /* Debug */ = {
			isa = XCBuildConfiguration;
			buildSettings = {
				ALWAYS_EMBED_SWIFT_STANDARD_LIBRARIES = YES;
				BUNDLE_LOADER = "$(TEST_HOST)";
				CODE_SIGN_STYLE = Automatic;
				DEVELOPMENT_TEAM = JQB33K4HKY;
				INFOPLIST_FILE = MarcyTests/Info.plist;
				IPHONEOS_DEPLOYMENT_TARGET = 14.5;
				LD_RUNPATH_SEARCH_PATHS = (
					"$(inherited)",
					"@executable_path/Frameworks",
					"@loader_path/Frameworks",
				);
				PRODUCT_BUNDLE_IDENTIFIER = com.marcy.MarcyTests;
				PRODUCT_NAME = "$(TARGET_NAME)";
				SWIFT_VERSION = 5.0;
				TARGETED_DEVICE_FAMILY = "1,2";
				TEST_HOST = "$(BUILT_PRODUCTS_DIR)/Marcy.app/Marcy";
			};
			name = Debug;
		};
		9E5C340826C80D8300CCFF85 /* Release */ = {
			isa = XCBuildConfiguration;
			buildSettings = {
				ALWAYS_EMBED_SWIFT_STANDARD_LIBRARIES = YES;
				BUNDLE_LOADER = "$(TEST_HOST)";
				CODE_SIGN_STYLE = Automatic;
				DEVELOPMENT_TEAM = JQB33K4HKY;
				INFOPLIST_FILE = MarcyTests/Info.plist;
				IPHONEOS_DEPLOYMENT_TARGET = 14.5;
				LD_RUNPATH_SEARCH_PATHS = (
					"$(inherited)",
					"@executable_path/Frameworks",
					"@loader_path/Frameworks",
				);
				PRODUCT_BUNDLE_IDENTIFIER = com.marcy.MarcyTests;
				PRODUCT_NAME = "$(TARGET_NAME)";
				SWIFT_VERSION = 5.0;
				TARGETED_DEVICE_FAMILY = "1,2";
				TEST_HOST = "$(BUILT_PRODUCTS_DIR)/Marcy.app/Marcy";
			};
			name = Release;
		};
		9E5C340A26C80D8300CCFF85 /* Debug */ = {
			isa = XCBuildConfiguration;
			buildSettings = {
				ALWAYS_EMBED_SWIFT_STANDARD_LIBRARIES = YES;
				CODE_SIGN_STYLE = Automatic;
				DEVELOPMENT_TEAM = JQB33K4HKY;
				INFOPLIST_FILE = MarcyUITests/Info.plist;
				LD_RUNPATH_SEARCH_PATHS = (
					"$(inherited)",
					"@executable_path/Frameworks",
					"@loader_path/Frameworks",
				);
				PRODUCT_BUNDLE_IDENTIFIER = com.marcy.MarcyUITests;
				PRODUCT_NAME = "$(TARGET_NAME)";
				SWIFT_VERSION = 5.0;
				TARGETED_DEVICE_FAMILY = "1,2";
				TEST_TARGET_NAME = Marcy;
			};
			name = Debug;
		};
		9E5C340B26C80D8300CCFF85 /* Release */ = {
			isa = XCBuildConfiguration;
			buildSettings = {
				ALWAYS_EMBED_SWIFT_STANDARD_LIBRARIES = YES;
				CODE_SIGN_STYLE = Automatic;
				DEVELOPMENT_TEAM = JQB33K4HKY;
				INFOPLIST_FILE = MarcyUITests/Info.plist;
				LD_RUNPATH_SEARCH_PATHS = (
					"$(inherited)",
					"@executable_path/Frameworks",
					"@loader_path/Frameworks",
				);
				PRODUCT_BUNDLE_IDENTIFIER = com.marcy.MarcyUITests;
				PRODUCT_NAME = "$(TARGET_NAME)";
				SWIFT_VERSION = 5.0;
				TARGETED_DEVICE_FAMILY = "1,2";
				TEST_TARGET_NAME = Marcy;
			};
			name = Release;
		};
/* End XCBuildConfiguration section */

/* Begin XCConfigurationList section */
		9E5C33D426C80D7A00CCFF85 /* Build configuration list for PBXProject "Marcy" */ = {
			isa = XCConfigurationList;
			buildConfigurations = (
				9E5C340126C80D8300CCFF85 /* Debug */,
				9E5C340226C80D8300CCFF85 /* Release */,
			);
			defaultConfigurationIsVisible = 0;
			defaultConfigurationName = Release;
		};
		9E5C340326C80D8300CCFF85 /* Build configuration list for PBXNativeTarget "Marcy" */ = {
			isa = XCConfigurationList;
			buildConfigurations = (
				9E5C340426C80D8300CCFF85 /* Debug */,
				9E5C340526C80D8300CCFF85 /* Release */,
			);
			defaultConfigurationIsVisible = 0;
			defaultConfigurationName = Release;
		};
		9E5C340626C80D8300CCFF85 /* Build configuration list for PBXNativeTarget "MarcyTests" */ = {
			isa = XCConfigurationList;
			buildConfigurations = (
				9E5C340726C80D8300CCFF85 /* Debug */,
				9E5C340826C80D8300CCFF85 /* Release */,
			);
			defaultConfigurationIsVisible = 0;
			defaultConfigurationName = Release;
		};
		9E5C340926C80D8300CCFF85 /* Build configuration list for PBXNativeTarget "MarcyUITests" */ = {
			isa = XCConfigurationList;
			buildConfigurations = (
				9E5C340A26C80D8300CCFF85 /* Debug */,
				9E5C340B26C80D8300CCFF85 /* Release */,
			);
			defaultConfigurationIsVisible = 0;
			defaultConfigurationName = Release;
		};
/* End XCConfigurationList section */
	};
	rootObject = 9E5C33D126C80D7A00CCFF85 /* Project object */;
}
